// !$*UTF8*$!
{
	archiveVersion = 1;
	classes = {
	};
	objectVersion = 55;
	objects = {

/* Begin PBXBuildFile section */
		C03C8DE4282555DA002C9861 /* FeedCell.swift in Sources */ = {isa = PBXBuildFile; fileRef = C03C8DE3282555DA002C9861 /* FeedCell.swift */; };
		C0439A8A281E130A00D457C2 /* FirebaseAnalytics in Frameworks */ = {isa = PBXBuildFile; productRef = C0439A89281E130A00D457C2 /* FirebaseAnalytics */; };
		C0439A8C281E130A00D457C2 /* FirebaseAuth in Frameworks */ = {isa = PBXBuildFile; productRef = C0439A8B281E130A00D457C2 /* FirebaseAuth */; };
		C0439A8E281E130A00D457C2 /* FirebaseFirestore in Frameworks */ = {isa = PBXBuildFile; productRef = C0439A8D281E130A00D457C2 /* FirebaseFirestore */; };
		C0439A90281E130A00D457C2 /* FirebaseStorage in Frameworks */ = {isa = PBXBuildFile; productRef = C0439A8F281E130A00D457C2 /* FirebaseStorage */; };
		C0439A92281E227A00D457C2 /* FeedViewController.swift in Sources */ = {isa = PBXBuildFile; fileRef = C0439A91281E227A00D457C2 /* FeedViewController.swift */; };
		C0439A94281E22A800D457C2 /* UploadViewController.swift in Sources */ = {isa = PBXBuildFile; fileRef = C0439A93281E22A800D457C2 /* UploadViewController.swift */; };
		C0439A96281E22BE00D457C2 /* SettingsViewController.swift in Sources */ = {isa = PBXBuildFile; fileRef = C0439A95281E22BE00D457C2 /* SettingsViewController.swift */; };
		C0439A9A281E351A00D457C2 /* Utils.swift in Sources */ = {isa = PBXBuildFile; fileRef = C0439A99281E351A00D457C2 /* Utils.swift */; };
		C0ECE6A5281E01AE00E5548D /* AppDelegate.swift in Sources */ = {isa = PBXBuildFile; fileRef = C0ECE6A4281E01AE00E5548D /* AppDelegate.swift */; };
		C0ECE6A7281E01AE00E5548D /* SceneDelegate.swift in Sources */ = {isa = PBXBuildFile; fileRef = C0ECE6A6281E01AE00E5548D /* SceneDelegate.swift */; };
		C0ECE6A9281E01AE00E5548D /* ViewController.swift in Sources */ = {isa = PBXBuildFile; fileRef = C0ECE6A8281E01AE00E5548D /* ViewController.swift */; };
		C0ECE6AC281E01AE00E5548D /* Main.storyboard in Resources */ = {isa = PBXBuildFile; fileRef = C0ECE6AA281E01AE00E5548D /* Main.storyboard */; };
		C0ECE6AE281E01B200E5548D /* Assets.xcassets in Resources */ = {isa = PBXBuildFile; fileRef = C0ECE6AD281E01B200E5548D /* Assets.xcassets */; };
		C0ECE6B1281E01B200E5548D /* LaunchScreen.storyboard in Resources */ = {isa = PBXBuildFile; fileRef = C0ECE6AF281E01B200E5548D /* LaunchScreen.storyboard */; };
		C0ECE6B9281E072B00E5548D /* GoogleService-Info.plist in Resources */ = {isa = PBXBuildFile; fileRef = C0ECE6B8281E072A00E5548D /* GoogleService-Info.plist */; };
/* End PBXBuildFile section */

/* Begin PBXFileReference section */
		C03C8DE3282555DA002C9861 /* FeedCell.swift */ = {isa = PBXFileReference; lastKnownFileType = sourcecode.swift; path = FeedCell.swift; sourceTree = "<group>"; };
		C0439A91281E227A00D457C2 /* FeedViewController.swift */ = {isa = PBXFileReference; lastKnownFileType = sourcecode.swift; path = FeedViewController.swift; sourceTree = "<group>"; };
		C0439A93281E22A800D457C2 /* UploadViewController.swift */ = {isa = PBXFileReference; lastKnownFileType = sourcecode.swift; path = UploadViewController.swift; sourceTree = "<group>"; };
		C0439A95281E22BE00D457C2 /* SettingsViewController.swift */ = {isa = PBXFileReference; lastKnownFileType = sourcecode.swift; path = SettingsViewController.swift; sourceTree = "<group>"; };
		C0439A99281E351A00D457C2 /* Utils.swift */ = {isa = PBXFileReference; lastKnownFileType = sourcecode.swift; path = Utils.swift; sourceTree = "<group>"; };
		C0ECE6A1281E01AE00E5548D /* InstaCloneAndFirebase.app */ = {isa = PBXFileReference; explicitFileType = wrapper.application; includeInIndex = 0; path = InstaCloneAndFirebase.app; sourceTree = BUILT_PRODUCTS_DIR; };
		C0ECE6A4281E01AE00E5548D /* AppDelegate.swift */ = {isa = PBXFileReference; lastKnownFileType = sourcecode.swift; path = AppDelegate.swift; sourceTree = "<group>"; };
		C0ECE6A6281E01AE00E5548D /* SceneDelegate.swift */ = {isa = PBXFileReference; lastKnownFileType = sourcecode.swift; path = SceneDelegate.swift; sourceTree = "<group>"; };
		C0ECE6A8281E01AE00E5548D /* ViewController.swift */ = {isa = PBXFileReference; lastKnownFileType = sourcecode.swift; path = ViewController.swift; sourceTree = "<group>"; };
		C0ECE6AB281E01AE00E5548D /* Base */ = {isa = PBXFileReference; lastKnownFileType = file.storyboard; name = Base; path = Base.lproj/Main.storyboard; sourceTree = "<group>"; };
		C0ECE6AD281E01B200E5548D /* Assets.xcassets */ = {isa = PBXFileReference; lastKnownFileType = folder.assetcatalog; path = Assets.xcassets; sourceTree = "<group>"; };
		C0ECE6B0281E01B200E5548D /* Base */ = {isa = PBXFileReference; lastKnownFileType = file.storyboard; name = Base; path = Base.lproj/LaunchScreen.storyboard; sourceTree = "<group>"; };
		C0ECE6B2281E01B200E5548D /* Info.plist */ = {isa = PBXFileReference; lastKnownFileType = text.plist.xml; path = Info.plist; sourceTree = "<group>"; };
		C0ECE6B8281E072A00E5548D /* GoogleService-Info.plist */ = {isa = PBXFileReference; fileEncoding = 4; lastKnownFileType = text.plist.xml; path = "GoogleService-Info.plist"; sourceTree = "<group>"; };
/* End PBXFileReference section */

/* Begin PBXFrameworksBuildPhase section */
		C0ECE69E281E01AE00E5548D /* Frameworks */ = {
			isa = PBXFrameworksBuildPhase;
			buildActionMask = 2147483647;
			files = (
				C0439A8A281E130A00D457C2 /* FirebaseAnalytics in Frameworks */,
				C0439A90281E130A00D457C2 /* FirebaseStorage in Frameworks */,
				C0439A8C281E130A00D457C2 /* FirebaseAuth in Frameworks */,
				C0439A8E281E130A00D457C2 /* FirebaseFirestore in Frameworks */,
			);
			runOnlyForDeploymentPostprocessing = 0;
		};
/* End PBXFrameworksBuildPhase section */

/* Begin PBXGroup section */
		C0ECE698281E01AE00E5548D = {
			isa = PBXGroup;
			children = (
				C0ECE6A3281E01AE00E5548D /* InstaCloneAndFirebase */,
				C0ECE6A2281E01AE00E5548D /* Products */,
			);
			sourceTree = "<group>";
		};
		C0ECE6A2281E01AE00E5548D /* Products */ = {
			isa = PBXGroup;
			children = (
				C0ECE6A1281E01AE00E5548D /* InstaCloneAndFirebase.app */,
			);
			name = Products;
			sourceTree = "<group>";
		};
		C0ECE6A3281E01AE00E5548D /* InstaCloneAndFirebase */ = {
			isa = PBXGroup;
			children = (
				C0ECE6A4281E01AE00E5548D /* AppDelegate.swift */,
				C0ECE6A6281E01AE00E5548D /* SceneDelegate.swift */,
				C0ECE6A8281E01AE00E5548D /* ViewController.swift */,
				C0439A91281E227A00D457C2 /* FeedViewController.swift */,
				C0439A93281E22A800D457C2 /* UploadViewController.swift */,
				C0439A95281E22BE00D457C2 /* SettingsViewController.swift */,
				C03C8DE3282555DA002C9861 /* FeedCell.swift */,
				C0ECE6AA281E01AE00E5548D /* Main.storyboard */,
				C0ECE6AD281E01B200E5548D /* Assets.xcassets */,
				C0ECE6AF281E01B200E5548D /* LaunchScreen.storyboard */,
				C0ECE6B2281E01B200E5548D /* Info.plist */,
				C0ECE6B8281E072A00E5548D /* GoogleService-Info.plist */,
				C0439A99281E351A00D457C2 /* Utils.swift */,
			);
			path = InstaCloneAndFirebase;
			sourceTree = "<group>";
		};
/* End PBXGroup section */

/* Begin PBXNativeTarget section */
		C0ECE6A0281E01AE00E5548D /* InstaCloneAndFirebase */ = {
			isa = PBXNativeTarget;
			buildConfigurationList = C0ECE6B5281E01B200E5548D /* Build configuration list for PBXNativeTarget "InstaCloneAndFirebase" */;
			buildPhases = (
				C0ECE69D281E01AE00E5548D /* Sources */,
				C0ECE69E281E01AE00E5548D /* Frameworks */,
				C0ECE69F281E01AE00E5548D /* Resources */,
			);
			buildRules = (
			);
			dependencies = (
			);
			name = InstaCloneAndFirebase;
			packageProductDependencies = (
				C0439A89281E130A00D457C2 /* FirebaseAnalytics */,
				C0439A8B281E130A00D457C2 /* FirebaseAuth */,
				C0439A8D281E130A00D457C2 /* FirebaseFirestore */,
				C0439A8F281E130A00D457C2 /* FirebaseStorage */,
			);
			productName = InstaCloneAndFirebase;
			productReference = C0ECE6A1281E01AE00E5548D /* InstaCloneAndFirebase.app */;
			productType = "com.apple.product-type.application";
		};
/* End PBXNativeTarget section */

/* Begin PBXProject section */
		C0ECE699281E01AE00E5548D /* Project object */ = {
			isa = PBXProject;
			attributes = {
				BuildIndependentTargetsInParallel = 1;
				LastSwiftUpdateCheck = 1330;
				LastUpgradeCheck = 1330;
				TargetAttributes = {
					C0ECE6A0281E01AE00E5548D = {
						CreatedOnToolsVersion = 13.3.1;
					};
				};
			};
			buildConfigurationList = C0ECE69C281E01AE00E5548D /* Build configuration list for PBXProject "InstaCloneAndFirebase" */;
			compatibilityVersion = "Xcode 13.0";
			developmentRegion = en;
			hasScannedForEncodings = 0;
			knownRegions = (
				en,
				Base,
			);
			mainGroup = C0ECE698281E01AE00E5548D;
			packageReferences = (
				C0439A88281E130900D457C2 /* XCRemoteSwiftPackageReference "firebase-ios-sdk" */,
			);
			productRefGroup = C0ECE6A2281E01AE00E5548D /* Products */;
			projectDirPath = "";
			projectRoot = "";
			targets = (
				C0ECE6A0281E01AE00E5548D /* InstaCloneAndFirebase */,
			);
		};
/* End PBXProject section */

/* Begin PBXResourcesBuildPhase section */
		C0ECE69F281E01AE00E5548D /* Resources */ = {
			isa = PBXResourcesBuildPhase;
			buildActionMask = 2147483647;
			files = (
				C0ECE6B1281E01B200E5548D /* LaunchScreen.storyboard in Resources */,
				C0ECE6B9281E072B00E5548D /* GoogleService-Info.plist in Resources */,
				C0ECE6AE281E01B200E5548D /* Assets.xcassets in Resources */,
				C0ECE6AC281E01AE00E5548D /* Main.storyboard in Resources */,
			);
			runOnlyForDeploymentPostprocessing = 0;
		};
/* End PBXResourcesBuildPhase section */

/* Begin PBXSourcesBuildPhase section */
		C0ECE69D281E01AE00E5548D /* Sources */ = {
			isa = PBXSourcesBuildPhase;
			buildActionMask = 2147483647;
			files = (
				C0ECE6A9281E01AE00E5548D /* ViewController.swift in Sources */,
				C0439A94281E22A800D457C2 /* UploadViewController.swift in Sources */,
				C0ECE6A5281E01AE00E5548D /* AppDelegate.swift in Sources */,
				C0439A9A281E351A00D457C2 /* Utils.swift in Sources */,
				C0439A92281E227A00D457C2 /* FeedViewController.swift in Sources */,
				C03C8DE4282555DA002C9861 /* FeedCell.swift in Sources */,
				C0ECE6A7281E01AE00E5548D /* SceneDelegate.swift in Sources */,
				C0439A96281E22BE00D457C2 /* SettingsViewController.swift in Sources */,
			);
			runOnlyForDeploymentPostprocessing = 0;
		};
/* End PBXSourcesBuildPhase section */

/* Begin PBXVariantGroup section */
		C0ECE6AA281E01AE00E5548D /* Main.storyboard */ = {
			isa = PBXVariantGroup;
			children = (
				C0ECE6AB281E01AE00E5548D /* Base */,
			);
			name = Main.storyboard;
			sourceTree = "<group>";
		};
		C0ECE6AF281E01B200E5548D /* LaunchScreen.storyboard */ = {
			isa = PBXVariantGroup;
			children = (
				C0ECE6B0281E01B200E5548D /* Base */,
			);
			name = LaunchScreen.storyboard;
			sourceTree = "<group>";
		};
/* End PBXVariantGroup section */

/* Begin XCBuildConfiguration section */
		C0ECE6B3281E01B200E5548D /* Debug */ = {
			isa = XCBuildConfiguration;
			buildSettings = {
				ALWAYS_SEARCH_USER_PATHS = NO;
				CLANG_ANALYZER_NONNULL = YES;
				CLANG_ANALYZER_NUMBER_OBJECT_CONVERSION = YES_AGGRESSIVE;
				CLANG_CXX_LANGUAGE_STANDARD = "gnu++17";
				CLANG_ENABLE_MODULES = YES;
				CLANG_ENABLE_OBJC_ARC = YES;
				CLANG_ENABLE_OBJC_WEAK = YES;
				CLANG_WARN_BLOCK_CAPTURE_AUTORELEASING = YES;
				CLANG_WARN_BOOL_CONVERSION = YES;
				CLANG_WARN_COMMA = YES;
				CLANG_WARN_CONSTANT_CONVERSION = YES;
				CLANG_WARN_DEPRECATED_OBJC_IMPLEMENTATIONS = YES;
				CLANG_WARN_DIRECT_OBJC_ISA_USAGE = YES_ERROR;
				CLANG_WARN_DOCUMENTATION_COMMENTS = YES;
				CLANG_WARN_EMPTY_BODY = YES;
				CLANG_WARN_ENUM_CONVERSION = YES;
				CLANG_WARN_INFINITE_RECURSION = YES;
				CLANG_WARN_INT_CONVERSION = YES;
				CLANG_WARN_NON_LITERAL_NULL_CONVERSION = YES;
				CLANG_WARN_OBJC_IMPLICIT_RETAIN_SELF = YES;
				CLANG_WARN_OBJC_LITERAL_CONVERSION = YES;
				CLANG_WARN_OBJC_ROOT_CLASS = YES_ERROR;
				CLANG_WARN_QUOTED_INCLUDE_IN_FRAMEWORK_HEADER = YES;
				CLANG_WARN_RANGE_LOOP_ANALYSIS = YES;
				CLANG_WARN_STRICT_PROTOTYPES = YES;
				CLANG_WARN_SUSPICIOUS_MOVE = YES;
				CLANG_WARN_UNGUARDED_AVAILABILITY = YES_AGGRESSIVE;
				CLANG_WARN_UNREACHABLE_CODE = YES;
				CLANG_WARN__DUPLICATE_METHOD_MATCH = YES;
				COPY_PHASE_STRIP = NO;
				DEBUG_INFORMATION_FORMAT = dwarf;
				ENABLE_STRICT_OBJC_MSGSEND = YES;
				ENABLE_TESTABILITY = YES;
				GCC_C_LANGUAGE_STANDARD = gnu11;
				GCC_DYNAMIC_NO_PIC = NO;
				GCC_NO_COMMON_BLOCKS = YES;
				GCC_OPTIMIZATION_LEVEL = 0;
				GCC_PREPROCESSOR_DEFINITIONS = (
					"DEBUG=1",
					"$(inherited)",
				);
				GCC_WARN_64_TO_32_BIT_CONVERSION = YES;
				GCC_WARN_ABOUT_RETURN_TYPE = YES_ERROR;
				GCC_WARN_UNDECLARED_SELECTOR = YES;
				GCC_WARN_UNINITIALIZED_AUTOS = YES_AGGRESSIVE;
				GCC_WARN_UNUSED_FUNCTION = YES;
				GCC_WARN_UNUSED_VARIABLE = YES;
				IPHONEOS_DEPLOYMENT_TARGET = 15.4;
				MTL_ENABLE_DEBUG_INFO = INCLUDE_SOURCE;
				MTL_FAST_MATH = YES;
				ONLY_ACTIVE_ARCH = YES;
				SDKROOT = iphoneos;
				SWIFT_ACTIVE_COMPILATION_CONDITIONS = DEBUG;
				SWIFT_OPTIMIZATION_LEVEL = "-Onone";
			};
			name = Debug;
		};
		C0ECE6B4281E01B200E5548D /* Release */ = {
			isa = XCBuildConfiguration;
			buildSettings = {
				ALWAYS_SEARCH_USER_PATHS = NO;
				CLANG_ANALYZER_NONNULL = YES;
				CLANG_ANALYZER_NUMBER_OBJECT_CONVERSION = YES_AGGRESSIVE;
				CLANG_CXX_LANGUAGE_STANDARD = "gnu++17";
				CLANG_ENABLE_MODULES = YES;
				CLANG_ENABLE_OBJC_ARC = YES;
				CLANG_ENABLE_OBJC_WEAK = YES;
				CLANG_WARN_BLOCK_CAPTURE_AUTORELEASING = YES;
				CLANG_WARN_BOOL_CONVERSION = YES;
				CLANG_WARN_COMMA = YES;
				CLANG_WARN_CONSTANT_CONVERSION = YES;
				CLANG_WARN_DEPRECATED_OBJC_IMPLEMENTATIONS = YES;
				CLANG_WARN_DIRECT_OBJC_ISA_USAGE = YES_ERROR;
				CLANG_WARN_DOCUMENTATION_COMMENTS = YES;
				CLANG_WARN_EMPTY_BODY = YES;
				CLANG_WARN_ENUM_CONVERSION = YES;
				CLANG_WARN_INFINITE_RECURSION = YES;
				CLANG_WARN_INT_CONVERSION = YES;
				CLANG_WARN_NON_LITERAL_NULL_CONVERSION = YES;
				CLANG_WARN_OBJC_IMPLICIT_RETAIN_SELF = YES;
				CLANG_WARN_OBJC_LITERAL_CONVERSION = YES;
				CLANG_WARN_OBJC_ROOT_CLASS = YES_ERROR;
				CLANG_WARN_QUOTED_INCLUDE_IN_FRAMEWORK_HEADER = YES;
				CLANG_WARN_RANGE_LOOP_ANALYSIS = YES;
				CLANG_WARN_STRICT_PROTOTYPES = YES;
				CLANG_WARN_SUSPICIOUS_MOVE = YES;
				CLANG_WARN_UNGUARDED_AVAILABILITY = YES_AGGRESSIVE;
				CLANG_WARN_UNREACHABLE_CODE = YES;
				CLANG_WARN__DUPLICATE_METHOD_MATCH = YES;
				COPY_PHASE_STRIP = NO;
				DEBUG_INFORMATION_FORMAT = "dwarf-with-dsym";
				ENABLE_NS_ASSERTIONS = NO;
				ENABLE_STRICT_OBJC_MSGSEND = YES;
				GCC_C_LANGUAGE_STANDARD = gnu11;
				GCC_NO_COMMON_BLOCKS = YES;
				GCC_WARN_64_TO_32_BIT_CONVERSION = YES;
				GCC_WARN_ABOUT_RETURN_TYPE = YES_ERROR;
				GCC_WARN_UNDECLARED_SELECTOR = YES;
				GCC_WARN_UNINITIALIZED_AUTOS = YES_AGGRESSIVE;
				GCC_WARN_UNUSED_FUNCTION = YES;
				GCC_WARN_UNUSED_VARIABLE = YES;
				IPHONEOS_DEPLOYMENT_TARGET = 15.4;
				MTL_ENABLE_DEBUG_INFO = NO;
				MTL_FAST_MATH = YES;
				SDKROOT = iphoneos;
				SWIFT_COMPILATION_MODE = wholemodule;
				SWIFT_OPTIMIZATION_LEVEL = "-O";
				VALIDATE_PRODUCT = YES;
			};
			name = Release;
		};
		C0ECE6B6281E01B200E5548D /* Debug */ = {
			isa = XCBuildConfiguration;
			buildSettings = {
				ASSETCATALOG_COMPILER_APPICON_NAME = AppIcon;
				ASSETCATALOG_COMPILER_GLOBAL_ACCENT_COLOR_NAME = AccentColor;
				CODE_SIGN_STYLE = Automatic;
				CURRENT_PROJECT_VERSION = 1;
				DEVELOPMENT_TEAM = H2UQC3V4S3;
				GENERATE_INFOPLIST_FILE = YES;
				INFOPLIST_FILE = InstaCloneAndFirebase/Info.plist;
				INFOPLIST_KEY_UIApplicationSupportsIndirectInputEvents = YES;
				INFOPLIST_KEY_UILaunchStoryboardName = LaunchScreen;
				INFOPLIST_KEY_UIMainStoryboardFile = Main;
				INFOPLIST_KEY_UISupportedInterfaceOrientations = "";
				INFOPLIST_KEY_UISupportedInterfaceOrientations_iPad = "UIInterfaceOrientationPortrait UIInterfaceOrientationPortraitUpsideDown UIInterfaceOrientationLandscapeLeft UIInterfaceOrientationLandscapeRight";
				INFOPLIST_KEY_UISupportedInterfaceOrientations_iPhone = "UIInterfaceOrientationPortrait UIInterfaceOrientationLandscapeLeft UIInterfaceOrientationLandscapeRight";
				LD_RUNPATH_SEARCH_PATHS = (
					"$(inherited)",
					"@executable_path/Frameworks",
				);
				MARKETING_VERSION = 1.0;
				PRODUCT_BUNDLE_IDENTIFIER = ergeakova.InstaCloneAndFirebase;
				PRODUCT_NAME = "$(TARGET_NAME)";
				SWIFT_EMIT_LOC_STRINGS = YES;
				SWIFT_VERSION = 5.0;
				TARGETED_DEVICE_FAMILY = "1,2";
			};
			name = Debug;
		};
		C0ECE6B7281E01B200E5548D /* Release */ = {
			isa = XCBuildConfiguration;
			buildSettings = {
				ASSETCATALOG_COMPILER_APPICON_NAME = AppIcon;
				ASSETCATALOG_COMPILER_GLOBAL_ACCENT_COLOR_NAME = AccentColor;
				CODE_SIGN_STYLE = Automatic;
				CURRENT_PROJECT_VERSION = 1;
				DEVELOPMENT_TEAM = H2UQC3V4S3;
				GENERATE_INFOPLIST_FILE = YES;
				INFOPLIST_FILE = InstaCloneAndFirebase/Info.plist;
				INFOPLIST_KEY_UIApplicationSupportsIndirectInputEvents = YES;
				INFOPLIST_KEY_UILaunchStoryboardName = LaunchScreen;
				INFOPLIST_KEY_UIMainStoryboardFile = Main;
				INFOPLIST_KEY_UISupportedInterfaceOrientations = "";
				INFOPLIST_KEY_UISupportedInterfaceOrientations_iPad = "UIInterfaceOrientationPortrait UIInterfaceOrientationPortraitUpsideDown UIInterfaceOrientationLandscapeLeft UIInterfaceOrientationLandscapeRight";
				INFOPLIST_KEY_UISupportedInterfaceOrientations_iPhone = "UIInterfaceOrientationPortrait UIInterfaceOrientationLandscapeLeft UIInterfaceOrientationLandscapeRight";
				LD_RUNPATH_SEARCH_PATHS = (
					"$(inherited)",
					"@executable_path/Frameworks",
				);
				MARKETING_VERSION = 1.0;
				PRODUCT_BUNDLE_IDENTIFIER = ergeakova.InstaCloneAndFirebase;
				PRODUCT_NAME = "$(TARGET_NAME)";
				SWIFT_EMIT_LOC_STRINGS = YES;
				SWIFT_VERSION = 5.0;
				TARGETED_DEVICE_FAMILY = "1,2";
			};
			name = Release;
		};
/* End XCBuildConfiguration section */

/* Begin XCConfigurationList section */
		C0ECE69C281E01AE00E5548D /* Build configuration list for PBXProject "InstaCloneAndFirebase" */ = {
			isa = XCConfigurationList;
			buildConfigurations = (
				C0ECE6B3281E01B200E5548D /* Debug */,
				C0ECE6B4281E01B200E5548D /* Release */,
			);
			defaultConfigurationIsVisible = 0;
			defaultConfigurationName = Release;
		};
		C0ECE6B5281E01B200E5548D /* Build configuration list for PBXNativeTarget "InstaCloneAndFirebase" */ = {
			isa = XCConfigurationList;
			buildConfigurations = (
				C0ECE6B6281E01B200E5548D /* Debug */,
				C0ECE6B7281E01B200E5548D /* Release */,
			);
			defaultConfigurationIsVisible = 0;
			defaultConfigurationName = Release;
		};
/* End XCConfigurationList section */

/* Begin XCRemoteSwiftPackageReference section */
		C0439A88281E130900D457C2 /* XCRemoteSwiftPackageReference "firebase-ios-sdk" */ = {
			isa = XCRemoteSwiftPackageReference;
			repositoryURL = "https://github.com/firebase/firebase-ios-sdk.git";
			requirement = {
				kind = upToNextMajorVersion;
				minimumVersion = 8.0.0;
			};
		};
/* End XCRemoteSwiftPackageReference section */

/* Begin XCSwiftPackageProductDependency section */
		C0439A89281E130A00D457C2 /* FirebaseAnalytics */ = {
			isa = XCSwiftPackageProductDependency;
			package = C0439A88281E130900D457C2 /* XCRemoteSwiftPackageReference "firebase-ios-sdk" */;
			productName = FirebaseAnalytics;
		};
		C0439A8B281E130A00D457C2 /* FirebaseAuth */ = {
			isa = XCSwiftPackageProductDependency;
			package = C0439A88281E130900D457C2 /* XCRemoteSwiftPackageReference "firebase-ios-sdk" */;
			productName = FirebaseAuth;
		};
		C0439A8D281E130A00D457C2 /* FirebaseFirestore */ = {
			isa = XCSwiftPackageProductDependency;
			package = C0439A88281E130900D457C2 /* XCRemoteSwiftPackageReference "firebase-ios-sdk" */;
			productName = FirebaseFirestore;
		};
		C0439A8F281E130A00D457C2 /* FirebaseStorage */ = {
			isa = XCSwiftPackageProductDependency;
			package = C0439A88281E130900D457C2 /* XCRemoteSwiftPackageReference "firebase-ios-sdk" */;
			productName = FirebaseStorage;
		};
/* End XCSwiftPackageProductDependency section */
	};
	rootObject = C0ECE699281E01AE00E5548D /* Project object */;
}
